<Solution>
  <Folder Name="/3rd/">
    <Project Path="3rd/Nodify/Nodify.csproj" />
    <Project Path="3rd/RControls/RControls.csproj" Id="16d7e75b-02fa-4b97-9ccd-dd0db936f481" />
  </Folder>
  <Folder Name="/Solution Items/">
    <File Path="CLAUDE.md" />
  </Folder>
  <Project Path="IPLab.Core.Tests/IPLab.Core.Tests.csproj" />
  <Project Path="IPLab.Core/IPLab.Core.csproj" />
  <Project Path="IPLab/IPLab.csproj" />
</Solution>
